
Microsoft Visual Studio Solution File, Format Version 12.00
# Visual Studio Version 17
VisualStudioVersion = 17.0.31903.59
MinimumVisualStudioVersion = 10.0.40219.1
Project("{2150E333-8FDC-42A3-9474-1A3956D46DE8}") = "src", "src", "{827E0CD3-B72D-47B6-A68D-7590B98EB39B}"
EndProject
Project("{2150E333-8FDC-42A3-9474-1A3956D46DE8}") = "api", "api", "{7A1FC431-7BF5-4059-9564-A1F5EE4693AB}"
EndProject
Project("{FAE04EC0-301F-11D3-BF4B-00C04F79EFBC}") = "CineLog.Api", "api\CineLog.Api\CineLog.Api.csproj", "{3253BB62-CBC5-4A20-A86E-902E903E5099}"
EndProject
Project("{FAE04EC0-301F-11D3-BF4B-00C04F79EFBC}") = "CineLog.Application", "api\CineLog.Application\CineLog.Application.csproj", "{830FE772-DE34-4D41-83E5-03B990FDFBF3}"
EndProject
Project("{FAE04EC0-301F-11D3-BF4B-00C04F79EFBC}") = "CineLog.Domain", "api\CineLog.Domain\CineLog.Domain.csproj", "{9BAF3D5D-5241-492E-B986-74963B04111A}"
EndProject
Project("{FAE04EC0-301F-11D3-BF4B-00C04F79EFBC}") = "CineLog.Infrastructure", "api\CineLog.Infrastructure\CineLog.Infrastructure.csproj", "{7EB14397-E482-4DFD-87A5-C6227F053BF1}"
EndProject
Project("{2150E333-8FDC-42A3-9474-1A3956D46DE8}") = "tests", "tests", "{0AB3BF05-4346-4AA6-1389-037BE0695223}"
EndProject
Project("{FAE04EC0-301F-11D3-BF4B-00C04F79EFBC}") = "CineLog.UnitTests", "tests\CineLog.UnitTests\CineLog.UnitTests.csproj", "{5E5526E1-1767-4564-952B-0E83FD776002}"
EndProject
Project("{FAE04EC0-301F-11D3-BF4B-00C04F79EFBC}") = "CineLog.IntegrationTests", "tests\CineLog.IntegrationTests\CineLog.IntegrationTests.csproj", "{B13BD817-5715-4275-AD77-E4D8BFDB067E}"
EndProject
Project("{2150E333-8FDC-42A3-9474-1A3956D46DE8}") = "tools", "tools", "{07C2787E-EAC7-C090-1BA3-A61EC2A24D84}"
EndProject
Project("{FAE04EC0-301F-11D3-BF4B-00C04F79EFBC}") = "CineLog.TmdbSync", "tools\CineLog.TmdbSync\CineLog.TmdbSync.csproj", "{9304D9DA-22E3-415E-88BC-37D53921F7B7}"
EndProject
Project("{FAE04EC0-301F-11D3-BF4B-00C04F79EFBC}") = "CineLog.ApiClientGenerator", "tools\CineLog.ApiClientGenerator\CineLog.ApiClientGenerator.csproj", "{E45AA5BD-61A8-4407-A961-D31BD308587F}"
EndProject
Project("{2150E333-8FDC-42A3-9474-1A3956D46DE8}") = "mobile", "mobile", "{E0FC68D3-40F2-542A-6A90-38B94336C1AE}"
EndProject
Project("{FAE04EC0-301F-11D3-BF4B-00C04F79EFBC}") = "CineLog.Mobile.ApiClient", "mobile\CineLog.Mobile.ApiClient\CineLog.Mobile.ApiClient.csproj", "{A71D3ED6-7EA0-4725-A922-3DB1687B9E67}"
EndProject
Project("{FAE04EC0-301F-11D3-BF4B-00C04F79EFBC}") = "CineLog.Mobile.Core", "mobile\CineLog.Mobile.Core\CineLog.Mobile.Core.csproj", "{AA30DC2C-8FD3-494A-AE30-F9E2B14572D0}"
EndProject
Project("{EFBA0AD7-5A72-4C68-AF49-83D374143730}") = "CineLog.Mobile", "mobile\CineLog.Mobile\CineLog.Mobile.csproj", "{02230839-0EEF-4A6E-A1E2-36F348CDFD35}"
EndProject
Global
	GlobalSection(SolutionConfigurationPlatforms) = preSolution
		Debug|Any CPU = Debug|Any CPU
		Debug|x64 = Debug|x64
		Debug|x86 = Debug|x86
		Release|Any CPU = Release|Any CPU
		Release|x64 = Release|x64
		Release|x86 = Release|x86
	EndGlobalSection
	GlobalSection(ProjectConfigurationPlatforms) = postSolution
		{3253BB62-CBC5-4A20-A86E-902E903E5099}.Debug|Any CPU.ActiveCfg = Debug|Any CPU
		{3253BB62-CBC5-4A20-A86E-902E903E5099}.Debug|Any CPU.Build.0 = Debug|Any CPU
		{3253BB62-CBC5-4A20-A86E-902E903E5099}.Debug|x64.ActiveCfg = Debug|Any CPU
		{3253BB62-CBC5-4A20-A86E-902E903E5099}.Debug|x64.Build.0 = Debug|Any CPU
		{3253BB62-CBC5-4A20-A86E-902E903E5099}.Debug|x86.ActiveCfg = Debug|Any CPU
		{3253BB62-CBC5-4A20-A86E-902E903E5099}.Debug|x86.Build.0 = Debug|Any CPU
		{3253BB62-CBC5-4A20-A86E-902E903E5099}.Release|Any CPU.ActiveCfg = Release|Any CPU
		{3253BB62-CBC5-4A20-A86E-902E903E5099}.Release|Any CPU.Build.0 = Release|Any CPU
		{3253BB62-CBC5-4A20-A86E-902E903E5099}.Release|x64.ActiveCfg = Release|Any CPU
		{3253BB62-CBC5-4A20-A86E-902E903E5099}.Release|x64.Build.0 = Release|Any CPU
		{3253BB62-CBC5-4A20-A86E-902E903E5099}.Release|x86.ActiveCfg = Release|Any CPU
		{3253BB62-CBC5-4A20-A86E-902E903E5099}.Release|x86.Build.0 = Release|Any CPU
		{830FE772-DE34-4D41-83E5-03B990FDFBF3}.Debug|Any CPU.ActiveCfg = Debug|Any CPU
		{830FE772-DE34-4D41-83E5-03B990FDFBF3}.Debug|Any CPU.Build.0 = Debug|Any CPU
		{830FE772-DE34-4D41-83E5-03B990FDFBF3}.Debug|x64.ActiveCfg = Debug|Any CPU
		{830FE772-DE34-4D41-83E5-03B990FDFBF3}.Debug|x64.Build.0 = Debug|Any CPU
		{830FE772-DE34-4D41-83E5-03B990FDFBF3}.Debug|x86.ActiveCfg = Debug|Any CPU
		{830FE772-DE34-4D41-83E5-03B990FDFBF3}.Debug|x86.Build.0 = Debug|Any CPU
		{830FE772-DE34-4D41-83E5-03B990FDFBF3}.Release|Any CPU.ActiveCfg = Release|Any CPU
		{830FE772-DE34-4D41-83E5-03B990FDFBF3}.Release|Any CPU.Build.0 = Release|Any CPU
		{830FE772-DE34-4D41-83E5-03B990FDFBF3}.Release|x64.ActiveCfg = Release|Any CPU
		{830FE772-DE34-4D41-83E5-03B990FDFBF3}.Release|x64.Build.0 = Release|Any CPU
		{830FE772-DE34-4D41-83E5-03B990FDFBF3}.Release|x86.ActiveCfg = Release|Any CPU
		{830FE772-DE34-4D41-83E5-03B990FDFBF3}.Release|x86.Build.0 = Release|Any CPU
		{9BAF3D5D-5241-492E-B986-74963B04111A}.Debug|Any CPU.ActiveCfg = Debug|Any CPU
		{9BAF3D5D-5241-492E-B986-74963B04111A}.Debug|Any CPU.Build.0 = Debug|Any CPU
		{9BAF3D5D-5241-492E-B986-74963B04111A}.Debug|x64.ActiveCfg = Debug|Any CPU
		{9BAF3D5D-5241-492E-B986-74963B04111A}.Debug|x64.Build.0 = Debug|Any CPU
		{9BAF3D5D-5241-492E-B986-74963B04111A}.Debug|x86.ActiveCfg = Debug|Any CPU
		{9BAF3D5D-5241-492E-B986-74963B04111A}.Debug|x86.Build.0 = Debug|Any CPU
		{9BAF3D5D-5241-492E-B986-74963B04111A}.Release|Any CPU.ActiveCfg = Release|Any CPU
		{9BAF3D5D-5241-492E-B986-74963B04111A}.Release|Any CPU.Build.0 = Release|Any CPU
		{9BAF3D5D-5241-492E-B986-74963B04111A}.Release|x64.ActiveCfg = Release|Any CPU
		{9BAF3D5D-5241-492E-B986-74963B04111A}.Release|x64.Build.0 = Release|Any CPU
		{9BAF3D5D-5241-492E-B986-74963B04111A}.Release|x86.ActiveCfg = Release|Any CPU
		{9BAF3D5D-5241-492E-B986-74963B04111A}.Release|x86.Build.0 = Release|Any CPU
		{7EB14397-E482-4DFD-87A5-C6227F053BF1}.Debug|Any CPU.ActiveCfg = Debug|Any CPU
		{7EB14397-E482-4DFD-87A5-C6227F053BF1}.Debug|Any CPU.Build.0 = Debug|Any CPU
		{7EB14397-E482-4DFD-87A5-C6227F053BF1}.Debug|x64.ActiveCfg = Debug|Any CPU
		{7EB14397-E482-4DFD-87A5-C6227F053BF1}.Debug|x64.Build.0 = Debug|Any CPU
		{7EB14397-E482-4DFD-87A5-C6227F053BF1}.Debug|x86.ActiveCfg = Debug|Any CPU
		{7EB14397-E482-4DFD-87A5-C6227F053BF1}.Debug|x86.Build.0 = Debug|Any CPU
		{7EB14397-E482-4DFD-87A5-C6227F053BF1}.Release|Any CPU.ActiveCfg = Release|Any CPU
		{7EB14397-E482-4DFD-87A5-C6227F053BF1}.Release|Any CPU.Build.0 = Release|Any CPU
		{7EB14397-E482-4DFD-87A5-C6227F053BF1}.Release|x64.ActiveCfg = Release|Any CPU
		{7EB14397-E482-4DFD-87A5-C6227F053BF1}.Release|x64.Build.0 = Release|Any CPU
		{7EB14397-E482-4DFD-87A5-C6227F053BF1}.Release|x86.ActiveCfg = Release|Any CPU
		{7EB14397-E482-4DFD-87A5-C6227F053BF1}.Release|x86.Build.0 = Release|Any CPU
		{5E5526E1-1767-4564-952B-0E83FD776002}.Debug|Any CPU.ActiveCfg = Debug|Any CPU
		{5E5526E1-1767-4564-952B-0E83FD776002}.Debug|Any CPU.Build.0 = Debug|Any CPU
		{5E5526E1-1767-4564-952B-0E83FD776002}.Debug|x64.ActiveCfg = Debug|Any CPU
		{5E5526E1-1767-4564-952B-0E83FD776002}.Debug|x64.Build.0 = Debug|Any CPU
		{5E5526E1-1767-4564-952B-0E83FD776002}.Debug|x86.ActiveCfg = Debug|Any CPU
		{5E5526E1-1767-4564-952B-0E83FD776002}.Debug|x86.Build.0 = Debug|Any CPU
		{5E5526E1-1767-4564-952B-0E83FD776002}.Release|Any CPU.ActiveCfg = Release|Any CPU
		{5E5526E1-1767-4564-952B-0E83FD776002}.Release|Any CPU.Build.0 = Release|Any CPU
		{5E5526E1-1767-4564-952B-0E83FD776002}.Release|x64.ActiveCfg = Release|Any CPU
		{5E5526E1-1767-4564-952B-0E83FD776002}.Release|x64.Build.0 = Release|Any CPU
		{5E5526E1-1767-4564-952B-0E83FD776002}.Release|x86.ActiveCfg = Release|Any CPU
		{5E5526E1-1767-4564-952B-0E83FD776002}.Release|x86.Build.0 = Release|Any CPU
		{B13BD817-5715-4275-AD77-E4D8BFDB067E}.Debug|Any CPU.ActiveCfg = Debug|Any CPU
		{B13BD817-5715-4275-AD77-E4D8BFDB067E}.Debug|Any CPU.Build.0 = Debug|Any CPU
		{B13BD817-5715-4275-AD77-E4D8BFDB067E}.Debug|x64.ActiveCfg = Debug|Any CPU
		{B13BD817-5715-4275-AD77-E4D8BFDB067E}.Debug|x64.Build.0 = Debug|Any CPU
		{B13BD817-5715-4275-AD77-E4D8BFDB067E}.Debug|x86.ActiveCfg = Debug|Any CPU
		{B13BD817-5715-4275-AD77-E4D8BFDB067E}.Debug|x86.Build.0 = Debug|Any CPU
		{B13BD817-5715-4275-AD77-E4D8BFDB067E}.Release|Any CPU.ActiveCfg = Release|Any CPU
		{B13BD817-5715-4275-AD77-E4D8BFDB067E}.Release|Any CPU.Build.0 = Release|Any CPU
		{B13BD817-5715-4275-AD77-E4D8BFDB067E}.Release|x64.ActiveCfg = Release|Any CPU
		{B13BD817-5715-4275-AD77-E4D8BFDB067E}.Release|x64.Build.0 = Release|Any CPU
		{B13BD817-5715-4275-AD77-E4D8BFDB067E}.Release|x86.ActiveCfg = Release|Any CPU
		{B13BD817-5715-4275-AD77-E4D8BFDB067E}.Release|x86.Build.0 = Release|Any CPU
		{9304D9DA-22E3-415E-88BC-37D53921F7B7}.Debug|Any CPU.ActiveCfg = Debug|Any CPU
		{9304D9DA-22E3-415E-88BC-37D53921F7B7}.Debug|Any CPU.Build.0 = Debug|Any CPU
		{9304D9DA-22E3-415E-88BC-37D53921F7B7}.Debug|x64.ActiveCfg = Debug|Any CPU
		{9304D9DA-22E3-415E-88BC-37D53921F7B7}.Debug|x64.Build.0 = Debug|Any CPU
		{9304D9DA-22E3-415E-88BC-37D53921F7B7}.Debug|x86.ActiveCfg = Debug|Any CPU
		{9304D9DA-22E3-415E-88BC-37D53921F7B7}.Debug|x86.Build.0 = Debug|Any CPU
		{9304D9DA-22E3-415E-88BC-37D53921F7B7}.Release|Any CPU.ActiveCfg = Release|Any CPU
		{9304D9DA-22E3-415E-88BC-37D53921F7B7}.Release|Any CPU.Build.0 = Release|Any CPU
		{9304D9DA-22E3-415E-88BC-37D53921F7B7}.Release|x64.ActiveCfg = Release|Any CPU
		{9304D9DA-22E3-415E-88BC-37D53921F7B7}.Release|x64.Build.0 = Release|Any CPU
		{9304D9DA-22E3-415E-88BC-37D53921F7B7}.Release|x86.ActiveCfg = Release|Any CPU
		{9304D9DA-22E3-415E-88BC-37D53921F7B7}.Release|x86.Build.0 = Release|Any CPU
		{E45AA5BD-61A8-4407-A961-D31BD308587F}.Debug|Any CPU.ActiveCfg = Debug|Any CPU
		{E45AA5BD-61A8-4407-A961-D31BD308587F}.Debug|Any CPU.Build.0 = Debug|Any CPU
		{E45AA5BD-61A8-4407-A961-D31BD308587F}.Debug|x64.ActiveCfg = Debug|Any CPU
		{E45AA5BD-61A8-4407-A961-D31BD308587F}.Debug|x64.Build.0 = Debug|Any CPU
		{E45AA5BD-61A8-4407-A961-D31BD308587F}.Debug|x86.ActiveCfg = Debug|Any CPU
		{E45AA5BD-61A8-4407-A961-D31BD308587F}.Debug|x86.Build.0 = Debug|Any CPU
		{E45AA5BD-61A8-4407-A961-D31BD308587F}.Release|Any CPU.ActiveCfg = Release|Any CPU
		{E45AA5BD-61A8-4407-A961-D31BD308587F}.Release|Any CPU.Build.0 = Release|Any CPU
		{E45AA5BD-61A8-4407-A961-D31BD308587F}.Release|x64.ActiveCfg = Release|Any CPU
		{E45AA5BD-61A8-4407-A961-D31BD308587F}.Release|x64.Build.0 = Release|Any CPU
		{E45AA5BD-61A8-4407-A961-D31BD308587F}.Release|x86.ActiveCfg = Release|Any CPU
		{E45AA5BD-61A8-4407-A961-D31BD308587F}.Release|x86.Build.0 = Release|Any CPU
		{A71D3ED6-7EA0-4725-A922-3DB1687B9E67}.Debug|Any CPU.ActiveCfg = Debug|Any CPU
		{A71D3ED6-7EA0-4725-A922-3DB1687B9E67}.Debug|Any CPU.Build.0 = Debug|Any CPU
		{A71D3ED6-7EA0-4725-A922-3DB1687B9E67}.Debug|x64.ActiveCfg = Debug|Any CPU
		{A71D3ED6-7EA0-4725-A922-3DB1687B9E67}.Debug|x64.Build.0 = Debug|Any CPU
		{A71D3ED6-7EA0-4725-A922-3DB1687B9E67}.Debug|x86.ActiveCfg = Debug|Any CPU
		{A71D3ED6-7EA0-4725-A922-3DB1687B9E67}.Debug|x86.Build.0 = Debug|Any CPU
		{A71D3ED6-7EA0-4725-A922-3DB1687B9E67}.Release|Any CPU.ActiveCfg = Release|Any CPU
		{A71D3ED6-7EA0-4725-A922-3DB1687B9E67}.Release|Any CPU.Build.0 = Release|Any CPU
		{A71D3ED6-7EA0-4725-A922-3DB1687B9E67}.Release|x64.ActiveCfg = Release|Any CPU
		{A71D3ED6-7EA0-4725-A922-3DB1687B9E67}.Release|x64.Build.0 = Release|Any CPU
		{A71D3ED6-7EA0-4725-A922-3DB1687B9E67}.Release|x86.ActiveCfg = Release|Any CPU
		{A71D3ED6-7EA0-4725-A922-3DB1687B9E67}.Release|x86.Build.0 = Release|Any CPU
		{AA30DC2C-8FD3-494A-AE30-F9E2B14572D0}.Debug|Any CPU.ActiveCfg = Debug|Any CPU
		{AA30DC2C-8FD3-494A-AE30-F9E2B14572D0}.Debug|Any CPU.Build.0 = Debug|Any CPU
		{AA30DC2C-8FD3-494A-AE30-F9E2B14572D0}.Debug|x64.ActiveCfg = Debug|Any CPU
		{AA30DC2C-8FD3-494A-AE30-F9E2B14572D0}.Debug|x64.Build.0 = Debug|Any CPU
		{AA30DC2C-8FD3-494A-AE30-F9E2B14572D0}.Debug|x86.ActiveCfg = Debug|Any CPU
		{AA30DC2C-8FD3-494A-AE30-F9E2B14572D0}.Debug|x86.Build.0 = Debug|Any CPU
		{AA30DC2C-8FD3-494A-AE30-F9E2B14572D0}.Release|Any CPU.ActiveCfg = Release|Any CPU
		{AA30DC2C-8FD3-494A-AE30-F9E2B14572D0}.Release|Any CPU.Build.0 = Release|Any CPU
		{AA30DC2C-8FD3-494A-AE30-F9E2B14572D0}.Release|x64.ActiveCfg = Release|Any CPU
		{AA30DC2C-8FD3-494A-AE30-F9E2B14572D0}.Release|x64.Build.0 = Release|Any CPU
		{AA30DC2C-8FD3-494A-AE30-F9E2B14572D0}.Release|x86.ActiveCfg = Release|Any CPU
		{AA30DC2C-8FD3-494A-AE30-F9E2B14572D0}.Release|x86.Build.0 = Release|Any CPU
		{02230839-0EEF-4A6E-A1E2-36F348CDFD35}.Debug|Any CPU.ActiveCfg = Debug|Any CPU
		{02230839-0EEF-4A6E-A1E2-36F348CDFD35}.Debug|Any CPU.Build.0 = Debug|Any CPU
		{02230839-0EEF-4A6E-A1E2-36F348CDFD35}.Debug|x64.ActiveCfg = Debug|Any CPU
		{02230839-0EEF-4A6E-A1E2-36F348CDFD35}.Debug|x64.Build.0 = Debug|Any CPU
		{02230839-0EEF-4A6E-A1E2-36F348CDFD35}.Debug|x86.ActiveCfg = Debug|Any CPU
		{02230839-0EEF-4A6E-A1E2-36F348CDFD35}.Debug|x86.Build.0 = Debug|Any CPU
		{02230839-0EEF-4A6E-A1E2-36F348CDFD35}.Release|Any CPU.ActiveCfg = Release|Any CPU
		{02230839-0EEF-4A6E-A1E2-36F348CDFD35}.Release|Any CPU.Build.0 = Release|Any CPU
		{02230839-0EEF-4A6E-A1E2-36F348CDFD35}.Release|x64.ActiveCfg = Release|Any CPU
		{02230839-0EEF-4A6E-A1E2-36F348CDFD35}.Release|x64.Build.0 = Release|Any CPU
		{02230839-0EEF-4A6E-A1E2-36F348CDFD35}.Release|x86.ActiveCfg = Release|Any CPU
		{02230839-0EEF-4A6E-A1E2-36F348CDFD35}.Release|x86.Build.0 = Release|Any CPU
	EndGlobalSection
	GlobalSection(SolutionProperties) = preSolution
		HideSolutionNode = FALSE
	EndGlobalSection
	GlobalSection(NestedProjects) = preSolution
		{7A1FC431-7BF5-4059-9564-A1F5EE4693AB} = {827E0CD3-B72D-47B6-A68D-7590B98EB39B}
		{3253BB62-CBC5-4A20-A86E-902E903E5099} = {7A1FC431-7BF5-4059-9564-A1F5EE4693AB}
		{830FE772-DE34-4D41-83E5-03B990FDFBF3} = {7A1FC431-7BF5-4059-9564-A1F5EE4693AB}
		{9BAF3D5D-5241-492E-B986-74963B04111A} = {7A1FC431-7BF5-4059-9564-A1F5EE4693AB}
		{7EB14397-E482-4DFD-87A5-C6227F053BF1} = {7A1FC431-7BF5-4059-9564-A1F5EE4693AB}
		{5E5526E1-1767-4564-952B-0E83FD776002} = {0AB3BF05-4346-4AA6-1389-037BE0695223}
		{B13BD817-5715-4275-AD77-E4D8BFDB067E} = {0AB3BF05-4346-4AA6-1389-037BE0695223}
		{9304D9DA-22E3-415E-88BC-37D53921F7B7} = {07C2787E-EAC7-C090-1BA3-A61EC2A24D84}
		{E45AA5BD-61A8-4407-A961-D31BD308587F} = {07C2787E-EAC7-C090-1BA3-A61EC2A24D84}
		{A71D3ED6-7EA0-4725-A922-3DB1687B9E67} = {E0FC68D3-40F2-542A-6A90-38B94336C1AE}
		{AA30DC2C-8FD3-494A-AE30-F9E2B14572D0} = {E0FC68D3-40F2-542A-6A90-38B94336C1AE}
		{02230839-0EEF-4A6E-A1E2-36F348CDFD35} = {E0FC68D3-40F2-542A-6A90-38B94336C1AE}
		{E0FC68D3-40F2-542A-6A90-38B94336C1AE} = {827E0CD3-B72D-47B6-A68D-7590B98EB39B}
	EndGlobalSection
EndGlobal
