Microsoft Visual Studio Solution File, Format Version 12.00
# Visual Studio Version 17
VisualStudioVersion = 17.0.31903.59
MinimumVisualStudioVersion = 10.0.40219.1
Project("{2150E333-8FDC-42A3-9474-1A3956D46DE8}") = "src", "src", "{827E0CD3-B72D-47B6-A68D-7590B98EB39B}"
EndProject
Project("{FAE04EC0-301F-11D3-BF4B-00C04F79EFBC}") = "CineLog.Api", "api\CineLog.Api\CineLog.Api.csproj", "{3253BB62-CBC5-4A20-A86E-902E903E5099}"
EndProject
Project("{FAE04EC0-301F-11D3-BF4B-00C04F79EFBC}") = "CineLog.Application", "api\CineLog.Application\CineLog.Application.csproj", "{830FE772-DE34-4D41-83E5-03B990FDFBF3}"
EndProject
Project("{FAE04EC0-301F-11D3-BF4B-00C04F79EFBC}") = "CineLog.Domain", "api\CineLog.Domain\CineLog.Domain.csproj", "{9BAF3D5D-5241-492E-B986-74963B04111A}"
EndProject
Project("{FAE04EC0-301F-11D3-BF4B-00C04F79EFBC}") = "CineLog.Infrastructure", "api\CineLog.Infrastructure\CineLog.Infrastructure.csproj", "{7EB14397-E482-4DFD-87A5-C6227F053BF1}"
EndProject
Project("{FAE04EC0-301F-11D3-BF4B-00C04F79EFBC}") = "CineLog.Contracts", "api\CineLog.Contracts\CineLog.Contracts.csproj", "{E06A69B8-245C-4FF7-B224-474B14E4DA47}"
EndProject
Project("{2150E333-8FDC-42A3-9474-1A3956D46DE8}") = "tests", "tests", "{0AB3BF05-4346-4AA6-1389-037BE0695223}"
EndProject
Project("{FAE04EC0-301F-11D3-BF4B-00C04F79EFBC}") = "CineLog.UnitTests", "tests\CineLog.UnitTests\CineLog.UnitTests.csproj", "{5E5526E1-1767-4564-952B-0E83FD776002}"
EndProject
Project("{FAE04EC0-301F-11D3-BF4B-00C04F79EFBC}") = "CineLog.IntegrationTests", "tests\CineLog.IntegrationTests\CineLog.IntegrationTests.csproj", "{B13BD817-5715-4275-AD77-E4D8BFDB067E}"
EndProject
Project("{2150E333-8FDC-42A3-9474-1A3956D46DE8}") = "tools", "tools", "{07C2787E-EAC7-C090-1BA3-A61EC2A24D84}"
EndProject
Project("{FAE04EC0-301F-11D3-BF4B-00C04F79EFBC}") = "CineLog.TmdbSync", "tools\CineLog.TmdbSync\CineLog.TmdbSync.csproj", "{9304D9DA-22E3-415E-88BC-37D53921F7B7}"
EndProject
Global
	GlobalSection(SolutionConfigurationPlatforms) = preSolution
		Debug|Any CPU = Debug|Any CPU
		Debug|x64 = Debug|x64
		Debug|x86 = Debug|x86
		Release|Any CPU = Release|Any CPU
		Release|x64 = Release|x64
		Release|x86 = Release|x86
	EndGlobalSection
	GlobalSection(ProjectConfigurationPlatforms) = postSolution
		{3253BB62-CBC5-4A20-A86E-902E903E5099}.Debug|Any CPU.ActiveCfg = Debug|Any CPU
		{3253BB62-CBC5-4A20-A86E-902E903E5099}.Debug|Any CPU.Build.0 = Debug|Any CPU
		{3253BB62-CBC5-4A20-A86E-902E903E5099}.Debug|x64.ActiveCfg = Debug|Any CPU
		{3253BB62-CBC5-4A20-A86E-902E903E5099}.Debug|x64.Build.0 = Debug|Any CPU
		{3253BB62-CBC5-4A20-A86E-902E903E5099}.Debug|x86.ActiveCfg = Debug|Any CPU
		{3253BB62-CBC5-4A20-A86E-902E903E5099}.Debug|x86.Build.0 = Debug|Any CPU
		{3253BB62-CBC5-4A20-A86E-902E903E5099}.Release|Any CPU.ActiveCfg = Release|Any CPU
		{3253BB62-CBC5-4A20-A86E-902E903E5099}.Release|Any CPU.Build.0 = Release|Any CPU
		{3253BB62-CBC5-4A20-A86E-902E903E5099}.Release|x64.ActiveCfg = Release|Any CPU
		{3253BB62-CBC5-4A20-A86E-902E903E5099}.Release|x64.Build.0 = Release|Any CPU
		{3253BB62-CBC5-4A20-A86E-902E903E5099}.Release|x86.ActiveCfg = Release|Any CPU
		{3253BB62-CBC5-4A20-A86E-902E903E5099}.Release|x86.Build.0 = Release|Any CPU
		{830FE772-DE34-4D41-83E5-03B990FDFBF3}.Debug|Any CPU.ActiveCfg = Debug|Any CPU
		{830FE772-DE34-4D41-83E5-03B990FDFBF3}.Debug|Any CPU.Build.0 = Debug|Any CPU
		{830FE772-DE34-4D41-83E5-03B990FDFBF3}.Debug|x64.ActiveCfg = Debug|Any CPU
		{830FE772-DE34-4D41-83E5-03B990FDFBF3}.Debug|x64.Build.0 = Debug|Any CPU
		{830FE772-DE34-4D41-83E5-03B990FDFBF3}.Debug|x86.ActiveCfg = Debug|Any CPU
		{830FE772-DE34-4D41-83E5-03B990FDFBF3}.Debug|x86.Build.0 = Debug|Any CPU
		{830FE772-DE34-4D41-83E5-03B990FDFBF3}.Release|Any CPU.ActiveCfg = Release|Any CPU
		{830FE772-DE34-4D41-83E5-03B990FDFBF3}.Release|Any CPU.Build.0 = Release|Any CPU
		{830FE772-DE34-4D41-83E5-03B990FDFBF3}.Release|x64.ActiveCfg = Release|Any CPU
		{830FE772-DE34-4D41-83E5-03B990FDFBF3}.Release|x64.Build.0 = Release|Any CPU
		{830FE772-DE34-4D41-83E5-03B990FDFBF3}.Release|x86.ActiveCfg = Release|Any CPU
		{830FE772-DE34-4D41-83E5-03B990FDFBF3}.Release|x86.Build.0 = Release|Any CPU
		{9BAF3D5D-5241-492E-B986-74963B04111A}.Debug|Any CPU.ActiveCfg = Debug|Any CPU
		{9BAF3D5D-5241-492E-B986-74963B04111A}.Debug|Any CPU.Build.0 = Debug|Any CPU
		{9BAF3D5D-5241-492E-B986-74963B04111A}.Debug|x64.ActiveCfg = Debug|Any CPU
		{9BAF3D5D-5241-492E-B986-74963B04111A}.Debug|x64.Build.0 = Debug|Any CPU
		{9BAF3D5D-5241-492E-B986-74963B04111A}.Debug|x86.ActiveCfg = Debug|Any CPU
		{9BAF3D5D-5241-492E-B986-74963B04111A}.Debug|x86.Build.0 = Debug|Any CPU
		{9BAF3D5D-5241-492E-B986-74963B04111A}.Release|Any CPU.ActiveCfg = Release|Any CPU
		{9BAF3D5D-5241-492E-B986-74963B04111A}.Release|Any CPU.Build.0 = Release|Any CPU
		{9BAF3D5D-5241-492E-B986-74963B04111A}.Release|x64.ActiveCfg = Release|Any CPU
		{9BAF3D5D-5241-492E-B986-74963B04111A}.Release|x64.Build.0 = Release|Any CPU
		{9BAF3D5D-5241-492E-B986-74963B04111A}.Release|x86.ActiveCfg = Release|Any CPU
		{9BAF3D5D-5241-492E-B986-74963B04111A}.Release|x86.Build.0 = Release|Any CPU
		{7EB14397-E482-4DFD-87A5-C6227F053BF1}.Debug|Any CPU.ActiveCfg = Debug|Any CPU
		{7EB14397-E482-4DFD-87A5-C6227F053BF1}.Debug|Any CPU.Build.0 = Debug|Any CPU
		{7EB14397-E482-4DFD-87A5-C6227F053BF1}.Debug|x64.ActiveCfg = Debug|Any CPU
		{7EB14397-E482-4DFD-87A5-C6227F053BF1}.Debug|x64.Build.0 = Debug|Any CPU
		{7EB14397-E482-4DFD-87A5-C6227F053BF1}.Debug|x86.ActiveCfg = Debug|Any CPU
		{7EB14397-E482-4DFD-87A5-C6227F053BF1}.Debug|x86.Build.0 = Debug|Any CPU
		{7EB14397-E482-4DFD-87A5-C6227F053BF1}.Release|Any CPU.ActiveCfg = Release|Any CPU
		{7EB14397-E482-4DFD-87A5-C6227F053BF1}.Release|Any CPU.Build.0 = Release|Any CPU
		{7EB14397-E482-4DFD-87A5-C6227F053BF1}.Release|x64.ActiveCfg = Release|Any CPU
		{7EB14397-E482-4DFD-87A5-C6227F053BF1}.Release|x64.Build.0 = Release|Any CPU
		{7EB14397-E482-4DFD-87A5-C6227F053BF1}.Release|x86.ActiveCfg = Release|Any CPU
		{7EB14397-E482-4DFD-87A5-C6227F053BF1}.Release|x86.Build.0 = Release|Any CPU
		{E06A69B8-245C-4FF7-B224-474B14E4DA47}.Debug|Any CPU.ActiveCfg = Debug|Any CPU
		{E06A69B8-245C-4FF7-B224-474B14E4DA47}.Debug|Any CPU.Build.0 = Debug|Any CPU
		{E06A69B8-245C-4FF7-B224-474B14E4DA47}.Debug|x64.ActiveCfg = Debug|Any CPU
		{E06A69B8-245C-4FF7-B224-474B14E4DA47}.Debug|x64.Build.0 = Debug|Any CPU
		{E06A69B8-245C-4FF7-B224-474B14E4DA47}.Debug|x86.ActiveCfg = Debug|Any CPU
		{E06A69B8-245C-4FF7-B224-474B14E4DA47}.Debug|x86.Build.0 = Debug|Any CPU
		{E06A69B8-245C-4FF7-B224-474B14E4DA47}.Release|Any CPU.ActiveCfg = Release|Any CPU
		{E06A69B8-245C-4FF7-B224-474B14E4DA47}.Release|Any CPU.Build.0 = Release|Any CPU
		{E06A69B8-245C-4FF7-B224-474B14E4DA47}.Release|x64.ActiveCfg = Release|Any CPU
		{E06A69B8-245C-4FF7-B224-474B14E4DA47}.Release|x64.Build.0 = Release|Any CPU
		{E06A69B8-245C-4FF7-B224-474B14E4DA47}.Release|x86.ActiveCfg = Release|Any CPU
		{E06A69B8-245C-4FF7-B224-474B14E4DA47}.Release|x86.Build.0 = Release|Any CPU
		{5E5526E1-1767-4564-952B-0E83FD776002}.Debug|Any CPU.ActiveCfg = Debug|Any CPU
		{5E5526E1-1767-4564-952B-0E83FD776002}.Debug|Any CPU.Build.0 = Debug|Any CPU
		{5E5526E1-1767-4564-952B-0E83FD776002}.Debug|x64.ActiveCfg = Debug|Any CPU
		{5E5526E1-1767-4564-952B-0E83FD776002}.Debug|x64.Build.0 = Debug|Any CPU
		{5E5526E1-1767-4564-952B-0E83FD776002}.Debug|x86.ActiveCfg = Debug|Any CPU
		{5E5526E1-1767-4564-952B-0E83FD776002}.Debug|x86.Build.0 = Debug|Any CPU
		{5E5526E1-1767-4564-952B-0E83FD776002}.Release|Any CPU.ActiveCfg = Release|Any CPU
		{5E5526E1-1767-4564-952B-0E83FD776002}.Release|Any CPU.Build.0 = Release|Any CPU
		{5E5526E1-1767-4564-952B-0E83FD776002}.Release|x64.ActiveCfg = Release|Any CPU
		{5E5526E1-1767-4564-952B-0E83FD776002}.Release|x64.Build.0 = Release|Any CPU
		{5E5526E1-1767-4564-952B-0E83FD776002}.Release|x86.ActiveCfg = Release|Any CPU
		{5E5526E1-1767-4564-952B-0E83FD776002}.Release|x86.Build.0 = Release|Any CPU
		{B13BD817-5715-4275-AD77-E4D8BFDB067E}.Debug|Any CPU.ActiveCfg = Debug|Any CPU
		{B13BD817-5715-4275-AD77-E4D8BFDB067E}.Debug|Any CPU.Build.0 = Debug|Any CPU
		{B13BD817-5715-4275-AD77-E4D8BFDB067E}.Debug|x64.ActiveCfg = Debug|Any CPU
		{B13BD817-5715-4275-AD77-E4D8BFDB067E}.Debug|x64.Build.0 = Debug|Any CPU
		{B13BD817-5715-4275-AD77-E4D8BFDB067E}.Debug|x86.ActiveCfg = Debug|Any CPU
		{B13BD817-5715-4275-AD77-E4D8BFDB067E}.Debug|x86.Build.0 = Debug|Any CPU
		{B13BD817-5715-4275-AD77-E4D8BFDB067E}.Release|Any CPU.ActiveCfg = Release|Any CPU
		{B13BD817-5715-4275-AD77-E4D8BFDB067E}.Release|Any CPU.Build.0 = Release|Any CPU
		{B13BD817-5715-4275-AD77-E4D8BFDB067E}.Release|x64.ActiveCfg = Release|Any CPU
		{B13BD817-5715-4275-AD77-E4D8BFDB067E}.Release|x64.Build.0 = Release|Any CPU
		{B13BD817-5715-4275-AD77-E4D8BFDB067E}.Release|x86.ActiveCfg = Release|Any CPU
		{B13BD817-5715-4275-AD77-E4D8BFDB067E}.Release|x86.Build.0 = Release|Any CPU
		{9304D9DA-22E3-415E-88BC-37D53921F7B7}.Debug|Any CPU.ActiveCfg = Debug|Any CPU
		{9304D9DA-22E3-415E-88BC-37D53921F7B7}.Debug|Any CPU.Build.0 = Debug|Any CPU
		{9304D9DA-22E3-415E-88BC-37D53921F7B7}.Debug|x64.ActiveCfg = Debug|Any CPU
		{9304D9DA-22E3-415E-88BC-37D53921F7B7}.Debug|x64.Build.0 = Debug|Any CPU
		{9304D9DA-22E3-415E-88BC-37D53921F7B7}.Debug|x86.ActiveCfg = Debug|Any CPU
		{9304D9DA-22E3-415E-88BC-37D53921F7B7}.Debug|x86.Build.0 = Debug|Any CPU
		{9304D9DA-22E3-415E-88BC-37D53921F7B7}.Release|Any CPU.ActiveCfg = Release|Any CPU
		{9304D9DA-22E3-415E-88BC-37D53921F7B7}.Release|Any CPU.Build.0 = Release|Any CPU
		{9304D9DA-22E3-415E-88BC-37D53921F7B7}.Release|x64.ActiveCfg = Release|Any CPU
		{9304D9DA-22E3-415E-88BC-37D53921F7B7}.Release|x64.Build.0 = Release|Any CPU
		{9304D9DA-22E3-415E-88BC-37D53921F7B7}.Release|x86.ActiveCfg = Release|Any CPU
		{9304D9DA-22E3-415E-88BC-37D53921F7B7}.Release|x86.Build.0 = Release|Any CPU
	EndGlobalSection
	GlobalSection(SolutionProperties) = preSolution
		HideSolutionNode = FALSE
	EndGlobalSection
	GlobalSection(NestedProjects) = preSolution
		{3253BB62-CBC5-4A20-A86E-902E903E5099} = {827E0CD3-B72D-47B6-A68D-7590B98EB39B}
		{830FE772-DE34-4D41-83E5-03B990FDFBF3} = {827E0CD3-B72D-47B6-A68D-7590B98EB39B}
		{9BAF3D5D-5241-492E-B986-74963B04111A} = {827E0CD3-B72D-47B6-A68D-7590B98EB39B}
		{7EB14397-E482-4DFD-87A5-C6227F053BF1} = {827E0CD3-B72D-47B6-A68D-7590B98EB39B}
		{E06A69B8-245C-4FF7-B224-474B14E4DA47} = {827E0CD3-B72D-47B6-A68D-7590B98EB39B}
		{5E5526E1-1767-4564-952B-0E83FD776002} = {0AB3BF05-4346-4AA6-1389-037BE0695223}
		{B13BD817-5715-4275-AD77-E4D8BFDB067E} = {0AB3BF05-4346-4AA6-1389-037BE0695223}
		{9304D9DA-22E3-415E-88BC-37D53921F7B7} = {07C2787E-EAC7-C090-1BA3-A61EC2A24D84}
	EndGlobalSection
EndGlobal
